
Microsoft Visual Studio Solution File, Format Version 12.00
# Visual Studio Version 16
VisualStudioVersion = 16.0.30309.148
MinimumVisualStudioVersion = 10.0.40219.1
Project("{9A19103F-16F7-4668-BE54-9A1E7A4F7556}") = "RougeLike", "RougeLike\RougeLike.csproj", "{ED66951C-E034-465A-9E91-856FFC5D00AD}"
EndProject
Project("{9A19103F-16F7-4668-BE54-9A1E7A4F7556}") = "RougeLike.App", "RougeLike.App\RougeLike.App.csproj", "{3ACE3703-76EB-4E73-B198-4DF7574EFE87}"
EndProject
Project("{9A19103F-16F7-4668-BE54-9A1E7A4F7556}") = "RougeLike.Domain", "RougeLike.Domain\RougeLike.Domain.csproj", "{BA4B70EA-E16C-49CB-99B0-8E36FD283710}"
EndProject
Project("{FAE04EC0-301F-11D3-BF4B-00C04F79EFBC}") = "RougeLike.Tests", "RougeLike.Tests\RougeLike.Tests.csproj", "{DDCB2932-D236-4D2C-BD6F-8E2210042815}"
EndProject
Global
	GlobalSection(SolutionConfigurationPlatforms) = preSolution
		Debug|Any CPU = Debug|Any CPU
		Release|Any CPU = Release|Any CPU
	EndGlobalSection
	GlobalSection(ProjectConfigurationPlatforms) = postSolution
		{ED66951C-E034-465A-9E91-856FFC5D00AD}.Debug|Any CPU.ActiveCfg = Debug|Any CPU
		{ED66951C-E034-465A-9E91-856FFC5D00AD}.Debug|Any CPU.Build.0 = Debug|Any CPU
		{ED66951C-E034-465A-9E91-856FFC5D00AD}.Release|Any CPU.ActiveCfg = Release|Any CPU
		{ED66951C-E034-465A-9E91-856FFC5D00AD}.Release|Any CPU.Build.0 = Release|Any CPU
		{3ACE3703-76EB-4E73-B198-4DF7574EFE87}.Debug|Any CPU.ActiveCfg = Debug|Any CPU
		{3ACE3703-76EB-4E73-B198-4DF7574EFE87}.Debug|Any CPU.Build.0 = Debug|Any CPU
		{3ACE3703-76EB-4E73-B198-4DF7574EFE87}.Release|Any CPU.ActiveCfg = Release|Any CPU
		{3ACE3703-76EB-4E73-B198-4DF7574EFE87}.Release|Any CPU.Build.0 = Release|Any CPU
		{BA4B70EA-E16C-49CB-99B0-8E36FD283710}.Debug|Any CPU.ActiveCfg = Debug|Any CPU
		{BA4B70EA-E16C-49CB-99B0-8E36FD283710}.Debug|Any CPU.Build.0 = Debug|Any CPU
		{BA4B70EA-E16C-49CB-99B0-8E36FD283710}.Release|Any CPU.ActiveCfg = Release|Any CPU
		{BA4B70EA-E16C-49CB-99B0-8E36FD283710}.Release|Any CPU.Build.0 = Release|Any CPU
		{DDCB2932-D236-4D2C-BD6F-8E2210042815}.Debug|Any CPU.ActiveCfg = Debug|Any CPU
		{DDCB2932-D236-4D2C-BD6F-8E2210042815}.Debug|Any CPU.Build.0 = Debug|Any CPU
		{DDCB2932-D236-4D2C-BD6F-8E2210042815}.Release|Any CPU.ActiveCfg = Release|Any CPU
		{DDCB2932-D236-4D2C-BD6F-8E2210042815}.Release|Any CPU.Build.0 = Release|Any CPU
	EndGlobalSection
	GlobalSection(SolutionProperties) = preSolution
		HideSolutionNode = FALSE
	EndGlobalSection
	GlobalSection(ExtensibilityGlobals) = postSolution
		SolutionGuid = {FE2D2F77-943B-43F4-8162-7EEEE9D6A193}
	EndGlobalSection
EndGlobal
